// !$*UTF8*$!
{
	archiveVersion = 1;
	classes = {
	};
	objectVersion = 50;
	objects = {

/* Begin PBXBuildFile section */
		FAE566A6238802D8009C9C5F /* AppDelegate.swift in Sources */ = {isa = PBXBuildFile; fileRef = FAE566A5238802D8009C9C5F /* AppDelegate.swift */; };
		FAE566A8238802D8009C9C5F /* ContentView.swift in Sources */ = {isa = PBXBuildFile; fileRef = FAE566A7238802D8009C9C5F /* ContentView.swift */; };
		FAE566AA238802D8009C9C5F /* Experience.rcproject in Sources */ = {isa = PBXBuildFile; fileRef = FAE566A9238802D8009C9C5F /* Experience.rcproject */; };
		FAE566AC238802E0009C9C5F /* Assets.xcassets in Resources */ = {isa = PBXBuildFile; fileRef = FAE566AB238802E0009C9C5F /* Assets.xcassets */; };
		FAE566AF238802E0009C9C5F /* Preview Assets.xcassets in Resources */ = {isa = PBXBuildFile; fileRef = FAE566AE238802E0009C9C5F /* Preview Assets.xcassets */; };
		FAE566B2238802E0009C9C5F /* LaunchScreen.storyboard in Resources */ = {isa = PBXBuildFile; fileRef = FAE566B0238802E0009C9C5F /* LaunchScreen.storyboard */; };
		FAE566BD238802E1009C9C5F /* PaintingTests.swift in Sources */ = {isa = PBXBuildFile; fileRef = FAE566BC238802E1009C9C5F /* PaintingTests.swift */; };
		FAE566C8238802E1009C9C5F /* PaintingUITests.swift in Sources */ = {isa = PBXBuildFile; fileRef = FAE566C7238802E1009C9C5F /* PaintingUITests.swift */; };
/* End PBXBuildFile section */

/* Begin PBXContainerItemProxy section */
		FAE566B9238802E1009C9C5F /* PBXContainerItemProxy */ = {
			isa = PBXContainerItemProxy;
			containerPortal = FAE5669A238802D8009C9C5F /* Project object */;
			proxyType = 1;
			remoteGlobalIDString = FAE566A1238802D8009C9C5F;
			remoteInfo = Painting;
		};
		FAE566C4238802E1009C9C5F /* PBXContainerItemProxy */ = {
			isa = PBXContainerItemProxy;
			containerPortal = FAE5669A238802D8009C9C5F /* Project object */;
			proxyType = 1;
			remoteGlobalIDString = FAE566A1238802D8009C9C5F;
			remoteInfo = Painting;
		};
/* End PBXContainerItemProxy section */

/* Begin PBXFileReference section */
		FAE566A2238802D8009C9C5F /* Painting.app */ = {isa = PBXFileReference; explicitFileType = wrapper.application; includeInIndex = 0; path = Painting.app; sourceTree = BUILT_PRODUCTS_DIR; };
		FAE566A5238802D8009C9C5F /* AppDelegate.swift */ = {isa = PBXFileReference; lastKnownFileType = sourcecode.swift; path = AppDelegate.swift; sourceTree = "<group>"; };
		FAE566A7238802D8009C9C5F /* ContentView.swift */ = {isa = PBXFileReference; lastKnownFileType = sourcecode.swift; path = ContentView.swift; sourceTree = "<group>"; };
		FAE566A9238802D8009C9C5F /* Experience.rcproject */ = {isa = PBXFileReference; lastKnownFileType = file.rcproject; path = Experience.rcproject; sourceTree = "<group>"; };
		FAE566AB238802E0009C9C5F /* Assets.xcassets */ = {isa = PBXFileReference; lastKnownFileType = folder.assetcatalog; path = Assets.xcassets; sourceTree = "<group>"; };
		FAE566AE238802E0009C9C5F /* Preview Assets.xcassets */ = {isa = PBXFileReference; lastKnownFileType = folder.assetcatalog; path = "Preview Assets.xcassets"; sourceTree = "<group>"; };
		FAE566B1238802E0009C9C5F /* Base */ = {isa = PBXFileReference; lastKnownFileType = file.storyboard; name = Base; path = Base.lproj/LaunchScreen.storyboard; sourceTree = "<group>"; };
		FAE566B3238802E0009C9C5F /* Info.plist */ = {isa = PBXFileReference; lastKnownFileType = text.plist.xml; path = Info.plist; sourceTree = "<group>"; };
		FAE566B8238802E1009C9C5F /* PaintingTests.xctest */ = {isa = PBXFileReference; explicitFileType = wrapper.cfbundle; includeInIndex = 0; path = PaintingTests.xctest; sourceTree = BUILT_PRODUCTS_DIR; };
		FAE566BC238802E1009C9C5F /* PaintingTests.swift */ = {isa = PBXFileReference; lastKnownFileType = sourcecode.swift; path = PaintingTests.swift; sourceTree = "<group>"; };
		FAE566BE238802E1009C9C5F /* Info.plist */ = {isa = PBXFileReference; lastKnownFileType = text.plist.xml; path = Info.plist; sourceTree = "<group>"; };
		FAE566C3238802E1009C9C5F /* PaintingUITests.xctest */ = {isa = PBXFileReference; explicitFileType = wrapper.cfbundle; includeInIndex = 0; path = PaintingUITests.xctest; sourceTree = BUILT_PRODUCTS_DIR; };
		FAE566C7238802E1009C9C5F /* PaintingUITests.swift */ = {isa = PBXFileReference; lastKnownFileType = sourcecode.swift; path = PaintingUITests.swift; sourceTree = "<group>"; };
		FAE566C9238802E1009C9C5F /* Info.plist */ = {isa = PBXFileReference; lastKnownFileType = text.plist.xml; path = Info.plist; sourceTree = "<group>"; };
/* End PBXFileReference section */

/* Begin PBXFrameworksBuildPhase section */
		FAE5669F238802D8009C9C5F /* Frameworks */ = {
			isa = PBXFrameworksBuildPhase;
			buildActionMask = 2147483647;
			files = (
			);
			runOnlyForDeploymentPostprocessing = 0;
		};
		FAE566B5238802E1009C9C5F /* Frameworks */ = {
			isa = PBXFrameworksBuildPhase;
			buildActionMask = 2147483647;
			files = (
			);
			runOnlyForDeploymentPostprocessing = 0;
		};
		FAE566C0238802E1009C9C5F /* Frameworks */ = {
			isa = PBXFrameworksBuildPhase;
			buildActionMask = 2147483647;
			files = (
			);
			runOnlyForDeploymentPostprocessing = 0;
		};
/* End PBXFrameworksBuildPhase section */

/* Begin PBXGroup section */
		FAE56699238802D8009C9C5F = {
			isa = PBXGroup;
			children = (
				FAE566A4238802D8009C9C5F /* Painting */,
				FAE566BB238802E1009C9C5F /* PaintingTests */,
				FAE566C6238802E1009C9C5F /* PaintingUITests */,
				FAE566A3238802D8009C9C5F /* Products */,
			);
			sourceTree = "<group>";
		};
		FAE566A3238802D8009C9C5F /* Products */ = {
			isa = PBXGroup;
			children = (
				FAE566A2238802D8009C9C5F /* Painting.app */,
				FAE566B8238802E1009C9C5F /* PaintingTests.xctest */,
				FAE566C3238802E1009C9C5F /* PaintingUITests.xctest */,
			);
			name = Products;
			sourceTree = "<group>";
		};
		FAE566A4238802D8009C9C5F /* Painting */ = {
			isa = PBXGroup;
			children = (
				FAE566A5238802D8009C9C5F /* AppDelegate.swift */,
				FAE566A7238802D8009C9C5F /* ContentView.swift */,
				FAE566A9238802D8009C9C5F /* Experience.rcproject */,
				FAE566AB238802E0009C9C5F /* Assets.xcassets */,
				FAE566B0238802E0009C9C5F /* LaunchScreen.storyboard */,
				FAE566B3238802E0009C9C5F /* Info.plist */,
				FAE566AD238802E0009C9C5F /* Preview Content */,
			);
			path = Painting;
			sourceTree = "<group>";
		};
		FAE566AD238802E0009C9C5F /* Preview Content */ = {
			isa = PBXGroup;
			children = (
				FAE566AE238802E0009C9C5F /* Preview Assets.xcassets */,
			);
			path = "Preview Content";
			sourceTree = "<group>";
		};
		FAE566BB238802E1009C9C5F /* PaintingTests */ = {
			isa = PBXGroup;
			children = (
				FAE566BC238802E1009C9C5F /* PaintingTests.swift */,
				FAE566BE238802E1009C9C5F /* Info.plist */,
			);
			path = PaintingTests;
			sourceTree = "<group>";
		};
		FAE566C6238802E1009C9C5F /* PaintingUITests */ = {
			isa = PBXGroup;
			children = (
				FAE566C7238802E1009C9C5F /* PaintingUITests.swift */,
				FAE566C9238802E1009C9C5F /* Info.plist */,
			);
			path = PaintingUITests;
			sourceTree = "<group>";
		};
/* End PBXGroup section */

/* Begin PBXNativeTarget section */
		FAE566A1238802D8009C9C5F /* Painting */ = {
			isa = PBXNativeTarget;
			buildConfigurationList = FAE566CC238802E1009C9C5F /* Build configuration list for PBXNativeTarget "Painting" */;
			buildPhases = (
				FAE5669E238802D8009C9C5F /* Sources */,
				FAE5669F238802D8009C9C5F /* Frameworks */,
				FAE566A0238802D8009C9C5F /* Resources */,
			);
			buildRules = (
			);
			dependencies = (
			);
			name = Painting;
			productName = Painting;
			productReference = FAE566A2238802D8009C9C5F /* Painting.app */;
			productType = "com.apple.product-type.application";
		};
		FAE566B7238802E1009C9C5F /* PaintingTests */ = {
			isa = PBXNativeTarget;
			buildConfigurationList = FAE566CF238802E1009C9C5F /* Build configuration list for PBXNativeTarget "PaintingTests" */;
			buildPhases = (
				FAE566B4238802E1009C9C5F /* Sources */,
				FAE566B5238802E1009C9C5F /* Frameworks */,
				FAE566B6238802E1009C9C5F /* Resources */,
			);
			buildRules = (
			);
			dependencies = (
				FAE566BA238802E1009C9C5F /* PBXTargetDependency */,
			);
			name = PaintingTests;
			productName = PaintingTests;
			productReference = FAE566B8238802E1009C9C5F /* PaintingTests.xctest */;
			productType = "com.apple.product-type.bundle.unit-test";
		};
		FAE566C2238802E1009C9C5F /* PaintingUITests */ = {
			isa = PBXNativeTarget;
			buildConfigurationList = FAE566D2238802E1009C9C5F /* Build configuration list for PBXNativeTarget "PaintingUITests" */;
			buildPhases = (
				FAE566BF238802E1009C9C5F /* Sources */,
				FAE566C0238802E1009C9C5F /* Frameworks */,
				FAE566C1238802E1009C9C5F /* Resources */,
			);
			buildRules = (
			);
			dependencies = (
				FAE566C5238802E1009C9C5F /* PBXTargetDependency */,
			);
			name = PaintingUITests;
			productName = PaintingUITests;
			productReference = FAE566C3238802E1009C9C5F /* PaintingUITests.xctest */;
			productType = "com.apple.product-type.bundle.ui-testing";
		};
/* End PBXNativeTarget section */

/* Begin PBXProject section */
		FAE5669A238802D8009C9C5F /* Project object */ = {
			isa = PBXProject;
			attributes = {
				LastSwiftUpdateCheck = 1120;
				LastUpgradeCheck = 1120;
				ORGANIZATIONNAME = David;
				TargetAttributes = {
					FAE566A1238802D8009C9C5F = {
						CreatedOnToolsVersion = 11.2.1;
					};
					FAE566B7238802E1009C9C5F = {
						CreatedOnToolsVersion = 11.2.1;
						TestTargetID = FAE566A1238802D8009C9C5F;
					};
					FAE566C2238802E1009C9C5F = {
						CreatedOnToolsVersion = 11.2.1;
						TestTargetID = FAE566A1238802D8009C9C5F;
					};
				};
			};
			buildConfigurationList = FAE5669D238802D8009C9C5F /* Build configuration list for PBXProject "Painting" */;
			compatibilityVersion = "Xcode 9.3";
			developmentRegion = en;
			hasScannedForEncodings = 0;
			knownRegions = (
				en,
				Base,
			);
			mainGroup = FAE56699238802D8009C9C5F;
			productRefGroup = FAE566A3238802D8009C9C5F /* Products */;
			projectDirPath = "";
			projectRoot = "";
			targets = (
				FAE566A1238802D8009C9C5F /* Painting */,
				FAE566B7238802E1009C9C5F /* PaintingTests */,
				FAE566C2238802E1009C9C5F /* PaintingUITests */,
			);
		};
/* End PBXProject section */

/* Begin PBXResourcesBuildPhase section */
		FAE566A0238802D8009C9C5F /* Resources */ = {
			isa = PBXResourcesBuildPhase;
			buildActionMask = 2147483647;
			files = (
				FAE566B2238802E0009C9C5F /* LaunchScreen.storyboard in Resources */,
				FAE566AF238802E0009C9C5F /* Preview Assets.xcassets in Resources */,
				FAE566AC238802E0009C9C5F /* Assets.xcassets in Resources */,
			);
			runOnlyForDeploymentPostprocessing = 0;
		};
		FAE566B6238802E1009C9C5F /* Resources */ = {
			isa = PBXResourcesBuildPhase;
			buildActionMask = 2147483647;
			files = (
			);
			runOnlyForDeploymentPostprocessing = 0;
		};
		FAE566C1238802E1009C9C5F /* Resources */ = {
			isa = PBXResourcesBuildPhase;
			buildActionMask = 2147483647;
			files = (
			);
			runOnlyForDeploymentPostprocessing = 0;
		};
/* End PBXResourcesBuildPhase section */

/* Begin PBXSourcesBuildPhase section */
		FAE5669E238802D8009C9C5F /* Sources */ = {
			isa = PBXSourcesBuildPhase;
			buildActionMask = 2147483647;
			files = (
				FAE566A8238802D8009C9C5F /* ContentView.swift in Sources */,
				FAE566A6238802D8009C9C5F /* AppDelegate.swift in Sources */,
				FAE566AA238802D8009C9C5F /* Experience.rcproject in Sources */,
			);
			runOnlyForDeploymentPostprocessing = 0;
		};
		FAE566B4238802E1009C9C5F /* Sources */ = {
			isa = PBXSourcesBuildPhase;
			buildActionMask = 2147483647;
			files = (
				FAE566BD238802E1009C9C5F /* PaintingTests.swift in Sources */,
			);
			runOnlyForDeploymentPostprocessing = 0;
		};
		FAE566BF238802E1009C9C5F /* Sources */ = {
			isa = PBXSourcesBuildPhase;
			buildActionMask = 2147483647;
			files = (
				FAE566C8238802E1009C9C5F /* PaintingUITests.swift in Sources */,
			);
			runOnlyForDeploymentPostprocessing = 0;
		};
/* End PBXSourcesBuildPhase section */

/* Begin PBXTargetDependency section */
		FAE566BA238802E1009C9C5F /* PBXTargetDependency */ = {
			isa = PBXTargetDependency;
			target = FAE566A1238802D8009C9C5F /* Painting */;
			targetProxy = FAE566B9238802E1009C9C5F /* PBXContainerItemProxy */;
		};
		FAE566C5238802E1009C9C5F /* PBXTargetDependency */ = {
			isa = PBXTargetDependency;
			target = FAE566A1238802D8009C9C5F /* Painting */;
			targetProxy = FAE566C4238802E1009C9C5F /* PBXContainerItemProxy */;
		};
/* End PBXTargetDependency section */

/* Begin PBXVariantGroup section */
		FAE566B0238802E0009C9C5F /* LaunchScreen.storyboard */ = {
			isa = PBXVariantGroup;
			children = (
				FAE566B1238802E0009C9C5F /* Base */,
			);
			name = LaunchScreen.storyboard;
			sourceTree = "<group>";
		};
/* End PBXVariantGroup section */

/* Begin XCBuildConfiguration section */
		FAE566CA238802E1009C9C5F /* Debug */ = {
			isa = XCBuildConfiguration;
			buildSettings = {
				ALWAYS_SEARCH_USER_PATHS = NO;
				CLANG_ANALYZER_NONNULL = YES;
				CLANG_ANALYZER_NUMBER_OBJECT_CONVERSION = YES_AGGRESSIVE;
				CLANG_CXX_LANGUAGE_STANDARD = "gnu++14";
				CLANG_CXX_LIBRARY = "libc++";
				CLANG_ENABLE_MODULES = YES;
				CLANG_ENABLE_OBJC_ARC = YES;
				CLANG_ENABLE_OBJC_WEAK = YES;
				CLANG_WARN_BLOCK_CAPTURE_AUTORELEASING = YES;
				CLANG_WARN_BOOL_CONVERSION = YES;
				CLANG_WARN_COMMA = YES;
				CLANG_WARN_CONSTANT_CONVERSION = YES;
				CLANG_WARN_DEPRECATED_OBJC_IMPLEMENTATIONS = YES;
				CLANG_WARN_DIRECT_OBJC_ISA_USAGE = YES_ERROR;
				CLANG_WARN_DOCUMENTATION_COMMENTS = YES;
				CLANG_WARN_EMPTY_BODY = YES;
				CLANG_WARN_ENUM_CONVERSION = YES;
				CLANG_WARN_INFINITE_RECURSION = YES;
				CLANG_WARN_INT_CONVERSION = YES;
				CLANG_WARN_NON_LITERAL_NULL_CONVERSION = YES;
				CLANG_WARN_OBJC_IMPLICIT_RETAIN_SELF = YES;
				CLANG_WARN_OBJC_LITERAL_CONVERSION = YES;
				CLANG_WARN_OBJC_ROOT_CLASS = YES_ERROR;
				CLANG_WARN_RANGE_LOOP_ANALYSIS = YES;
				CLANG_WARN_STRICT_PROTOTYPES = YES;
				CLANG_WARN_SUSPICIOUS_MOVE = YES;
				CLANG_WARN_UNGUARDED_AVAILABILITY = YES_AGGRESSIVE;
				CLANG_WARN_UNREACHABLE_CODE = YES;
				CLANG_WARN__DUPLICATE_METHOD_MATCH = YES;
				COPY_PHASE_STRIP = NO;
				DEBUG_INFORMATION_FORMAT = dwarf;
				ENABLE_STRICT_OBJC_MSGSEND = YES;
				ENABLE_TESTABILITY = YES;
				GCC_C_LANGUAGE_STANDARD = gnu11;
				GCC_DYNAMIC_NO_PIC = NO;
				GCC_NO_COMMON_BLOCKS = YES;
				GCC_OPTIMIZATION_LEVEL = 0;
				GCC_PREPROCESSOR_DEFINITIONS = (
					"DEBUG=1",
					"$(inherited)",
				);
				GCC_WARN_64_TO_32_BIT_CONVERSION = YES;
				GCC_WARN_ABOUT_RETURN_TYPE = YES_ERROR;
				GCC_WARN_UNDECLARED_SELECTOR = YES;
				GCC_WARN_UNINITIALIZED_AUTOS = YES_AGGRESSIVE;
				GCC_WARN_UNUSED_FUNCTION = YES;
				GCC_WARN_UNUSED_VARIABLE = YES;
				IPHONEOS_DEPLOYMENT_TARGET = 13.2;
				MTL_ENABLE_DEBUG_INFO = INCLUDE_SOURCE;
				MTL_FAST_MATH = YES;
				ONLY_ACTIVE_ARCH = YES;
				SDKROOT = iphoneos;
				SWIFT_ACTIVE_COMPILATION_CONDITIONS = DEBUG;
				SWIFT_OPTIMIZATION_LEVEL = "-Onone";
			};
			name = Debug;
		};
		FAE566CB238802E1009C9C5F /* Release */ = {
			isa = XCBuildConfiguration;
			buildSettings = {
				ALWAYS_SEARCH_USER_PATHS = NO;
				CLANG_ANALYZER_NONNULL = YES;
				CLANG_ANALYZER_NUMBER_OBJECT_CONVERSION = YES_AGGRESSIVE;
				CLANG_CXX_LANGUAGE_STANDARD = "gnu++14";
				CLANG_CXX_LIBRARY = "libc++";
				CLANG_ENABLE_MODULES = YES;
				CLANG_ENABLE_OBJC_ARC = YES;
				CLANG_ENABLE_OBJC_WEAK = YES;
				CLANG_WARN_BLOCK_CAPTURE_AUTORELEASING = YES;
				CLANG_WARN_BOOL_CONVERSION = YES;
				CLANG_WARN_COMMA = YES;
				CLANG_WARN_CONSTANT_CONVERSION = YES;
				CLANG_WARN_DEPRECATED_OBJC_IMPLEMENTATIONS = YES;
				CLANG_WARN_DIRECT_OBJC_ISA_USAGE = YES_ERROR;
				CLANG_WARN_DOCUMENTATION_COMMENTS = YES;
				CLANG_WARN_EMPTY_BODY = YES;
				CLANG_WARN_ENUM_CONVERSION = YES;
				CLANG_WARN_INFINITE_RECURSION = YES;
				CLANG_WARN_INT_CONVERSION = YES;
				CLANG_WARN_NON_LITERAL_NULL_CONVERSION = YES;
				CLANG_WARN_OBJC_IMPLICIT_RETAIN_SELF = YES;
				CLANG_WARN_OBJC_LITERAL_CONVERSION = YES;
				CLANG_WARN_OBJC_ROOT_CLASS = YES_ERROR;
				CLANG_WARN_RANGE_LOOP_ANALYSIS = YES;
				CLANG_WARN_STRICT_PROTOTYPES = YES;
				CLANG_WARN_SUSPICIOUS_MOVE = YES;
				CLANG_WARN_UNGUARDED_AVAILABILITY = YES_AGGRESSIVE;
				CLANG_WARN_UNREACHABLE_CODE = YES;
				CLANG_WARN__DUPLICATE_METHOD_MATCH = YES;
				COPY_PHASE_STRIP = NO;
				DEBUG_INFORMATION_FORMAT = "dwarf-with-dsym";
				ENABLE_NS_ASSERTIONS = NO;
				ENABLE_STRICT_OBJC_MSGSEND = YES;
				GCC_C_LANGUAGE_STANDARD = gnu11;
				GCC_NO_COMMON_BLOCKS = YES;
				GCC_WARN_64_TO_32_BIT_CONVERSION = YES;
				GCC_WARN_ABOUT_RETURN_TYPE = YES_ERROR;
				GCC_WARN_UNDECLARED_SELECTOR = YES;
				GCC_WARN_UNINITIALIZED_AUTOS = YES_AGGRESSIVE;
				GCC_WARN_UNUSED_FUNCTION = YES;
				GCC_WARN_UNUSED_VARIABLE = YES;
				IPHONEOS_DEPLOYMENT_TARGET = 13.2;
				MTL_ENABLE_DEBUG_INFO = NO;
				MTL_FAST_MATH = YES;
				SDKROOT = iphoneos;
				SWIFT_COMPILATION_MODE = wholemodule;
				SWIFT_OPTIMIZATION_LEVEL = "-O";
				VALIDATE_PRODUCT = YES;
			};
			name = Release;
		};
		FAE566CD238802E1009C9C5F /* Debug */ = {
			isa = XCBuildConfiguration;
			buildSettings = {
				ASSETCATALOG_COMPILER_APPICON_NAME = AppIcon;
				CODE_SIGN_STYLE = Automatic;
				DEVELOPMENT_ASSET_PATHS = "\"Painting/Preview Content\"";
				DEVELOPMENT_TEAM = 3QW5NW95GG;
				ENABLE_PREVIEWS = YES;
				INFOPLIST_FILE = Painting/Info.plist;
				LD_RUNPATH_SEARCH_PATHS = (
					"$(inherited)",
					"@executable_path/Frameworks",
				);
				PRODUCT_BUNDLE_IDENTIFIER = DDing.Painting;
				PRODUCT_NAME = "$(TARGET_NAME)";
				SWIFT_VERSION = 5.0;
				TARGETED_DEVICE_FAMILY = "1,2";
			};
			name = Debug;
		};
		FAE566CE238802E1009C9C5F /* Release */ = {
			isa = XCBuildConfiguration;
			buildSettings = {
				ASSETCATALOG_COMPILER_APPICON_NAME = AppIcon;
				CODE_SIGN_STYLE = Automatic;
				DEVELOPMENT_ASSET_PATHS = "\"Painting/Preview Content\"";
				DEVELOPMENT_TEAM = 3QW5NW95GG;
				ENABLE_PREVIEWS = YES;
				INFOPLIST_FILE = Painting/Info.plist;
				LD_RUNPATH_SEARCH_PATHS = (
					"$(inherited)",
					"@executable_path/Frameworks",
				);
				PRODUCT_BUNDLE_IDENTIFIER = DDing.Painting;
				PRODUCT_NAME = "$(TARGET_NAME)";
				SWIFT_VERSION = 5.0;
				TARGETED_DEVICE_FAMILY = "1,2";
			};
			name = Release;
		};
		FAE566D0238802E1009C9C5F /* Debug */ = {
			isa = XCBuildConfiguration;
			buildSettings = {
				ALWAYS_EMBED_SWIFT_STANDARD_LIBRARIES = YES;
				BUNDLE_LOADER = "$(TEST_HOST)";
				CODE_SIGN_STYLE = Automatic;
				DEVELOPMENT_TEAM = 3QW5NW95GG;
				INFOPLIST_FILE = PaintingTests/Info.plist;
				IPHONEOS_DEPLOYMENT_TARGET = 13.2;
				LD_RUNPATH_SEARCH_PATHS = (
					"$(inherited)",
					"@executable_path/Frameworks",
					"@loader_path/Frameworks",
				);
				PRODUCT_BUNDLE_IDENTIFIER = DDing.PaintingTests;
				PRODUCT_NAME = "$(TARGET_NAME)";
				SWIFT_VERSION = 5.0;
				TARGETED_DEVICE_FAMILY = "1,2";
				TEST_HOST = "$(BUILT_PRODUCTS_DIR)/Painting.app/Painting";
			};
			name = Debug;
		};
		FAE566D1238802E1009C9C5F /* Release */ = {
			isa = XCBuildConfiguration;
			buildSettings = {
				ALWAYS_EMBED_SWIFT_STANDARD_LIBRARIES = YES;
				BUNDLE_LOADER = "$(TEST_HOST)";
				CODE_SIGN_STYLE = Automatic;
				DEVELOPMENT_TEAM = 3QW5NW95GG;
				INFOPLIST_FILE = PaintingTests/Info.plist;
				IPHONEOS_DEPLOYMENT_TARGET = 13.2;
				LD_RUNPATH_SEARCH_PATHS = (
					"$(inherited)",
					"@executable_path/Frameworks",
					"@loader_path/Frameworks",
				);
				PRODUCT_BUNDLE_IDENTIFIER = DDing.PaintingTests;
				PRODUCT_NAME = "$(TARGET_NAME)";
				SWIFT_VERSION = 5.0;
				TARGETED_DEVICE_FAMILY = "1,2";
				TEST_HOST = "$(BUILT_PRODUCTS_DIR)/Painting.app/Painting";
			};
			name = Release;
		};
		FAE566D3238802E1009C9C5F /* Debug */ = {
			isa = XCBuildConfiguration;
			buildSettings = {
				ALWAYS_EMBED_SWIFT_STANDARD_LIBRARIES = YES;
				CODE_SIGN_STYLE = Automatic;
				DEVELOPMENT_TEAM = 3QW5NW95GG;
				INFOPLIST_FILE = PaintingUITests/Info.plist;
				LD_RUNPATH_SEARCH_PATHS = (
					"$(inherited)",
					"@executable_path/Frameworks",
					"@loader_path/Frameworks",
				);
				PRODUCT_BUNDLE_IDENTIFIER = DDing.PaintingUITests;
				PRODUCT_NAME = "$(TARGET_NAME)";
				SWIFT_VERSION = 5.0;
				TARGETED_DEVICE_FAMILY = "1,2";
				TEST_TARGET_NAME = Painting;
			};
			name = Debug;
		};
		FAE566D4238802E1009C9C5F /* Release */ = {
			isa = XCBuildConfiguration;
			buildSettings = {
				ALWAYS_EMBED_SWIFT_STANDARD_LIBRARIES = YES;
				CODE_SIGN_STYLE = Automatic;
				DEVELOPMENT_TEAM = 3QW5NW95GG;
				INFOPLIST_FILE = PaintingUITests/Info.plist;
				LD_RUNPATH_SEARCH_PATHS = (
					"$(inherited)",
					"@executable_path/Frameworks",
					"@loader_path/Frameworks",
				);
				PRODUCT_BUNDLE_IDENTIFIER = DDing.PaintingUITests;
				PRODUCT_NAME = "$(TARGET_NAME)";
				SWIFT_VERSION = 5.0;
				TARGETED_DEVICE_FAMILY = "1,2";
				TEST_TARGET_NAME = Painting;
			};
			name = Release;
		};
/* End XCBuildConfiguration section */

/* Begin XCConfigurationList section */
		FAE5669D238802D8009C9C5F /* Build configuration list for PBXProject "Painting" */ = {
			isa = XCConfigurationList;
			buildConfigurations = (
				FAE566CA238802E1009C9C5F /* Debug */,
				FAE566CB238802E1009C9C5F /* Release */,
			);
			defaultConfigurationIsVisible = 0;
			defaultConfigurationName = Release;
		};
		FAE566CC238802E1009C9C5F /* Build configuration list for PBXNativeTarget "Painting" */ = {
			isa = XCConfigurationList;
			buildConfigurations = (
				FAE566CD238802E1009C9C5F /* Debug */,
				FAE566CE238802E1009C9C5F /* Release */,
			);
			defaultConfigurationIsVisible = 0;
			defaultConfigurationName = Release;
		};
		FAE566CF238802E1009C9C5F /* Build configuration list for PBXNativeTarget "PaintingTests" */ = {
			isa = XCConfigurationList;
			buildConfigurations = (
				FAE566D0238802E1009C9C5F /* Debug */,
				FAE566D1238802E1009C9C5F /* Release */,
			);
			defaultConfigurationIsVisible = 0;
			defaultConfigurationName = Release;
		};
		FAE566D2238802E1009C9C5F /* Build configuration list for PBXNativeTarget "PaintingUITests" */ = {
			isa = XCConfigurationList;
			buildConfigurations = (
				FAE566D3238802E1009C9C5F /* Debug */,
				FAE566D4238802E1009C9C5F /* Release */,
			);
			defaultConfigurationIsVisible = 0;
			defaultConfigurationName = Release;
		};
/* End XCConfigurationList section */
	};
	rootObject = FAE5669A238802D8009C9C5F /* Project object */;
}
